<?xml version="1.0" encoding="utf-8"?>
<Project ToolsVersion="4.0" xmlns="http://schemas.microsoft.com/developer/msbuild/2003">
  <ItemGroup>
    <Filter Include="Source Files">
      <UniqueIdentifier>{4FC737F1-C7A5-4376-A066-2A32D752A2FF}</UniqueIdentifier>
      <Extensions>cpp;c;cc;cxx;c++;cppm;ixx;def;odl;idl;hpj;bat;asm;asmx</Extensions>
    </Filter>
    <Filter Include="Header Files">
      <UniqueIdentifier>{93995380-89BD-4b04-88EB-625FBE52EBFB}</UniqueIdentifier>
      <Extensions>h;hh;hpp;hxx;h++;hm;inl;inc;ipp;xsd</Extensions>
    </Filter>
    <Filter Include="Resource Files">
      <UniqueIdentifier>{67DA6AB6-F800-4c08-8B7A-83BB121AAD01}</UniqueIdentifier>
      <Extensions>rc;ico;cur;bmp;dlg;rc2;rct;bin;rgs;gif;jpg;jpeg;jpe;resx;tiff;tif;png;wav;mfcribbon-ms</Extensions>
    </Filter>
  </ItemGroup>
  <ItemGroup>
    <ClInclude Include="..\code\headers\Component.hpp">
      <Filter>Header Files</Filter>
    </ClInclude>
    <ClInclude Include="..\code\headers\Entity.hpp">
      <Filter>Header Files</Filter>
    </ClInclude>
    <ClInclude Include="..\code\headers\Kernel.hpp">
      <Filter>Header Files</Filter>
    </ClInclude>
    <ClInclude Include="..\code\headers\Scene.hpp">
      <Filter>Header Files</Filter>
    </ClInclude>
    <ClInclude Include="..\code\headers\Task.hpp">
      <Filter>Header Files</Filter>
    </ClInclude>
    <ClInclude Include="..\code\headers\Window.hpp">
      <Filter>Header Files</Filter>
    </ClInclude>
    <ClInclude Include="..\code\headers\Component_Pool.hpp">
      <Filter>Header Files</Filter>
    </ClInclude>
    <ClInclude Include="..\code\headers\fnv.hpp">
      <Filter>Header Files</Filter>
    </ClInclude>
    <ClInclude Include="..\code\headers\Id.hpp">
      <Filter>Header Files</Filter>
    </ClInclude>
    <ClInclude Include="..\code\headers\Id_Provider.hpp">
      <Filter>Header Files</Filter>
    </ClInclude>
    <ClInclude Include="..\code\headers\Transform_Component.hpp">
      <Filter>Header Files</Filter>
    </ClInclude>
    <ClInclude Include="..\code\headers\Vertex.hpp">
      <Filter>Header Files</Filter>
    </ClInclude>
    <ClInclude Include="..\code\headers\Math.hpp">
      <Filter>Header Files</Filter>
    </ClInclude>
    <ClInclude Include="..\code\headers\Mesh_Component.hpp">
      <Filter>Header Files</Filter>
    </ClInclude>
    <ClInclude Include="..\code\headers\Mesh_Directory.hpp">
      <Filter>Header Files</Filter>
    </ClInclude>
    <ClInclude Include="..\code\headers\Camera_Component.hpp">
      <Filter>Header Files</Filter>
    </ClInclude>
    <ClInclude Include="..\code\headers\Render_Task.hpp">
      <Filter>Header Files</Filter>
    </ClInclude>
    <ClInclude Include="..\code\headers\Sparse_Array.hpp">
      <Filter>Header Files</Filter>
    </ClInclude>
    <ClInclude Include="..\code\headers\Iterator.hpp">
      <Filter>Header Files</Filter>
    </ClInclude>
    <ClInclude Include="..\code\headers\Proxy.hpp">
      <Filter>Header Files</Filter>
    </ClInclude>
    <ClInclude Include="..\code\headers\Segment.hpp">
      <Filter>Header Files</Filter>
    </ClInclude>
    <ClInclude Include="..\code\headers\Texture_Manager.hpp">
      <Filter>Header Files</Filter>
    </ClInclude>
    <ClInclude Include="..\code\headers\Color.hpp">
      <Filter>Header Files</Filter>
    </ClInclude>
    <ClInclude Include="..\code\headers\Color_Buffer.hpp">
      <Filter>Header Files</Filter>
    </ClInclude>
    <ClInclude Include="..\code\headers\Mesh_Loader.hpp">
      <Filter>Header Files</Filter>
    </ClInclude>
    <ClInclude Include="..\code\headers\Mesh.hpp">
      <Filter>Header Files</Filter>
    </ClInclude>
    <ClInclude Include="..\code\headers\Texture.hpp">
      <Filter>Header Files</Filter>
    </ClInclude>
    <ClInclude Include="..\code\headers\Texture_Component.hpp">
      <Filter>Header Files</Filter>
    </ClInclude>
    <ClInclude Include="..\code\headers\ComponentBits.hpp">
      <Filter>Header Files</Filter>
    </ClInclude>
    <ClInclude Include="..\code\headers\Input_Manager.hpp">
      <Filter>Header Files</Filter>
    </ClInclude>
    <ClInclude Include="..\code\headers\Camera_Control_Task.hpp">
      <Filter>Header Files</Filter>
    </ClInclude>
    <ClInclude Include="..\code\headers\Frame_Buffer.hpp">
      <Filter>Header Files</Filter>
    </ClInclude>
    <ClInclude Include="..\code\headers\Frame_Buffer_Manager.hpp">
      <Filter>Header Files</Filter>
    </ClInclude>
    <ClInclude Include="..\code\headers\PostProcess_Task.hpp">
      <Filter>Header Files</Filter>
    </ClInclude>
    <ClInclude Include="..\code\headers\Heightmap.hpp">
      <Filter>Header Files</Filter>
    </ClInclude>
    <ClInclude Include="..\code\headers\Cubemap.hpp">
      <Filter>Header Files</Filter>
    </ClInclude>
    <ClInclude Include="..\code\headers\Skybox.hpp">
      <Filter>Header Files</Filter>
    </ClInclude>
    <ClInclude Include="..\code\headers\ShaderCompiler.hpp">
      <Filter>Header Files</Filter>
    </ClInclude>
    <ClInclude Include="..\code\headers\Skybox_Manager.hpp">
      <Filter>Header Files</Filter>
    </ClInclude>
    <ClInclude Include="..\code\headers\FboNames.hpp">
      <Filter>Header Files</Filter>
    </ClInclude>
    <ClInclude Include="..\code\headers\Movement_Component.hpp">
      <Filter>Header Files</Filter>
    </ClInclude>
    <ClInclude Include="..\code\headers\Transform_Update_Task.hpp">
      <Filter>Header Files</Filter>
    </ClInclude>
    <ClInclude Include="..\code\headers\Model_Loader.hpp">
      <Filter>Header Files</Filter>
    </ClInclude>
  </ItemGroup>
  <ItemGroup>
    <ClCompile Include="..\code\sources\Entity.cpp">
      <Filter>Source Files</Filter>
    </ClCompile>
    <ClCompile Include="..\code\sources\Kernel.cpp">
      <Filter>Source Files</Filter>
    </ClCompile>
    <ClCompile Include="..\code\sources\Window.cpp">
      <Filter>Source Files</Filter>
    </ClCompile>
    <ClCompile Include="..\code\sources\Render_Task.cpp">
      <Filter>Source Files</Filter>
    </ClCompile>
    <ClCompile Include="..\code\sources\Mesh_Directory.cpp">
      <Filter>Source Files</Filter>
    </ClCompile>
    <ClCompile Include="..\code\sources\Mesh_Loader.cpp">
      <Filter>Source Files</Filter>
    </ClCompile>
    <ClCompile Include="..\code\sources\ShaderCompiler.cpp">
      <Filter>Source Files</Filter>
    </ClCompile>
    <ClCompile Include="..\code\sources\Texture_Manager.cpp">
      <Filter>Source Files</Filter>
    </ClCompile>
    <ClCompile Include="..\code\sources\Mesh.cpp">
      <Filter>Source Files</Filter>
    </ClCompile>
    <ClCompile Include="..\code\sources\Texture.cpp">
      <Filter>Source Files</Filter>
    </ClCompile>
    <ClCompile Include="..\code\sources\Input_Manager.cpp">
      <Filter>Source Files</Filter>
    </ClCompile>
    <ClCompile Include="..\code\sources\Camera_Control_Task.cpp">
      <Filter>Source Files</Filter>
    </ClCompile>
    <ClCompile Include="..\code\sources\PostProcess_Task.cpp">
      <Filter>Source Files</Filter>
    </ClCompile>
    <ClCompile Include="..\code\sources\Heightmap.cpp">
      <Filter>Source Files</Filter>
    </ClCompile>
    <ClCompile Include="..\code\sources\Cubemap.cpp">
      <Filter>Source Files</Filter>
    </ClCompile>
    <ClCompile Include="..\code\sources\Skybox.cpp">
      <Filter>Source Files</Filter>
    </ClCompile>
    <ClCompile Include="..\code\sources\Skybox_Manager.cpp">
      <Filter>Source Files</Filter>
    </ClCompile>
    <ClCompile Include="..\code\sources\Frame_Buffer.cpp">
      <Filter>Source Files</Filter>
    </ClCompile>
    <ClCompile Include="..\code\sources\Frame_Buffer_Manager.cpp">
      <Filter>Source Files</Filter>
    </ClCompile>
    <ClCompile Include="..\code\sources\Transform_Update_Task.cpp">
      <Filter>Source Files</Filter>
    </ClCompile>
    <ClCompile Include="..\code\sources\Scene.cpp">
      <Filter>Source Files</Filter>
    </ClCompile>
    <ClCompile Include="..\code\sources\Model_Loader.cpp">
      <Filter>Source Files</Filter>
    </ClCompile>
  </ItemGroup>
</Project>